// !$*UTF8*$!
{
	archiveVersion = 1;
	classes = {
	};
	objectVersion = 50;
	objects = {

/* Begin PBXBuildFile section */
		610FEBC7274C6F0000B5428B /* LoadingCell.xib in Resources */ = {isa = PBXBuildFile; fileRef = 610FEBC6274C6F0000B5428B /* LoadingCell.xib */; };
		61B3D3FF2749691B00E54FA6 /* SearchResult.swift in Sources */ = {isa = PBXBuildFile; fileRef = 61B3D3FE2749691B00E54FA6 /* SearchResult.swift */; };
		61B3D4022749748A00E54FA6 /* SearchResultCell.xib in Resources */ = {isa = PBXBuildFile; fileRef = 61B3D4012749748A00E54FA6 /* SearchResultCell.xib */; };
		61B3D40427497F3200E54FA6 /* SearchResultCell.swift in Sources */ = {isa = PBXBuildFile; fileRef = 61B3D40327497F3200E54FA6 /* SearchResultCell.swift */; };
		61B3D4062749885200E54FA6 /* NothingFoundCell.xib in Resources */ = {isa = PBXBuildFile; fileRef = 61B3D4052749885200E54FA6 /* NothingFoundCell.xib */; };
		61FE5C8227470A39009FA5B1 /* AppDelegate.swift in Sources */ = {isa = PBXBuildFile; fileRef = 61FE5C8127470A39009FA5B1 /* AppDelegate.swift */; };
		61FE5C8427470A39009FA5B1 /* SceneDelegate.swift in Sources */ = {isa = PBXBuildFile; fileRef = 61FE5C8327470A39009FA5B1 /* SceneDelegate.swift */; };
		61FE5C8627470A39009FA5B1 /* SearchViewController.swift in Sources */ = {isa = PBXBuildFile; fileRef = 61FE5C8527470A39009FA5B1 /* SearchViewController.swift */; };
		61FE5C8927470A39009FA5B1 /* Main.storyboard in Resources */ = {isa = PBXBuildFile; fileRef = 61FE5C8727470A39009FA5B1 /* Main.storyboard */; };
		61FE5C8B27470A3B009FA5B1 /* Assets.xcassets in Resources */ = {isa = PBXBuildFile; fileRef = 61FE5C8A27470A3B009FA5B1 /* Assets.xcassets */; };
		61FE5C8E27470A3B009FA5B1 /* LaunchScreen.storyboard in Resources */ = {isa = PBXBuildFile; fileRef = 61FE5C8C27470A3B009FA5B1 /* LaunchScreen.storyboard */; };
/* End PBXBuildFile section */

/* Begin PBXFileReference section */
		610FEBC6274C6F0000B5428B /* LoadingCell.xib */ = {isa = PBXFileReference; lastKnownFileType = file.xib; path = LoadingCell.xib; sourceTree = "<group>"; };
		61B3D3FE2749691B00E54FA6 /* SearchResult.swift */ = {isa = PBXFileReference; lastKnownFileType = sourcecode.swift; path = SearchResult.swift; sourceTree = "<group>"; };
		61B3D4012749748A00E54FA6 /* SearchResultCell.xib */ = {isa = PBXFileReference; lastKnownFileType = file.xib; path = SearchResultCell.xib; sourceTree = "<group>"; };
		61B3D40327497F3200E54FA6 /* SearchResultCell.swift */ = {isa = PBXFileReference; lastKnownFileType = sourcecode.swift; path = SearchResultCell.swift; sourceTree = "<group>"; };
		61B3D4052749885200E54FA6 /* NothingFoundCell.xib */ = {isa = PBXFileReference; fileEncoding = 4; lastKnownFileType = file.xib; name = NothingFoundCell.xib; path = "../../../../Downloads/chapter-33-final/StoreSearch/NothingFoundCell.xib"; sourceTree = "<group>"; };
		61FE5C7E27470A39009FA5B1 /* StoreSearch.app */ = {isa = PBXFileReference; explicitFileType = wrapper.application; includeInIndex = 0; path = StoreSearch.app; sourceTree = BUILT_PRODUCTS_DIR; };
		61FE5C8127470A39009FA5B1 /* AppDelegate.swift */ = {isa = PBXFileReference; lastKnownFileType = sourcecode.swift; path = AppDelegate.swift; sourceTree = "<group>"; };
		61FE5C8327470A39009FA5B1 /* SceneDelegate.swift */ = {isa = PBXFileReference; lastKnownFileType = sourcecode.swift; path = SceneDelegate.swift; sourceTree = "<group>"; };
		61FE5C8527470A39009FA5B1 /* SearchViewController.swift */ = {isa = PBXFileReference; lastKnownFileType = sourcecode.swift; path = SearchViewController.swift; sourceTree = "<group>"; };
		61FE5C8827470A39009FA5B1 /* Base */ = {isa = PBXFileReference; lastKnownFileType = file.storyboard; name = Base; path = Base.lproj/Main.storyboard; sourceTree = "<group>"; };
		61FE5C8A27470A3B009FA5B1 /* Assets.xcassets */ = {isa = PBXFileReference; lastKnownFileType = folder.assetcatalog; path = Assets.xcassets; sourceTree = "<group>"; };
		61FE5C8D27470A3B009FA5B1 /* Base */ = {isa = PBXFileReference; lastKnownFileType = file.storyboard; name = Base; path = Base.lproj/LaunchScreen.storyboard; sourceTree = "<group>"; };
		61FE5C8F27470A3B009FA5B1 /* Info.plist */ = {isa = PBXFileReference; lastKnownFileType = text.plist.xml; path = Info.plist; sourceTree = "<group>"; };
/* End PBXFileReference section */

/* Begin PBXFrameworksBuildPhase section */
		61FE5C7B27470A39009FA5B1 /* Frameworks */ = {
			isa = PBXFrameworksBuildPhase;
			buildActionMask = 2147483647;
			files = (
			);
			runOnlyForDeploymentPostprocessing = 0;
		};
/* End PBXFrameworksBuildPhase section */

/* Begin PBXGroup section */
		61B3D4002749693500E54FA6 /* Search */ = {
			isa = PBXGroup;
			children = (
				61FE5C8527470A39009FA5B1 /* SearchViewController.swift */,
				61B3D3FE2749691B00E54FA6 /* SearchResult.swift */,
			);
			path = Search;
			sourceTree = "<group>";
		};
		61FE5C7527470A39009FA5B1 = {
			isa = PBXGroup;
			children = (
				61FE5C8027470A39009FA5B1 /* StoreSearch */,
				61FE5C7F27470A39009FA5B1 /* Products */,
			);
			sourceTree = "<group>";
		};
		61FE5C7F27470A39009FA5B1 /* Products */ = {
			isa = PBXGroup;
			children = (
				61FE5C7E27470A39009FA5B1 /* StoreSearch.app */,
			);
			name = Products;
			sourceTree = "<group>";
		};
		61FE5C8027470A39009FA5B1 /* StoreSearch */ = {
			isa = PBXGroup;
			children = (
				61B3D4002749693500E54FA6 /* Search */,
				61FE5C8127470A39009FA5B1 /* AppDelegate.swift */,
				61FE5C8327470A39009FA5B1 /* SceneDelegate.swift */,
				61FE5C8727470A39009FA5B1 /* Main.storyboard */,
				61FE5C8A27470A3B009FA5B1 /* Assets.xcassets */,
				61FE5C8C27470A3B009FA5B1 /* LaunchScreen.storyboard */,
				61FE5C8F27470A3B009FA5B1 /* Info.plist */,
				61B3D40327497F3200E54FA6 /* SearchResultCell.swift */,
				61B3D4012749748A00E54FA6 /* SearchResultCell.xib */,
				61B3D4052749885200E54FA6 /* NothingFoundCell.xib */,
				610FEBC6274C6F0000B5428B /* LoadingCell.xib */,
			);
			path = StoreSearch;
			sourceTree = "<group>";
		};
/* End PBXGroup section */

/* Begin PBXNativeTarget section */
		61FE5C7D27470A39009FA5B1 /* StoreSearch */ = {
			isa = PBXNativeTarget;
			buildConfigurationList = 61FE5C9227470A3B009FA5B1 /* Build configuration list for PBXNativeTarget "StoreSearch" */;
			buildPhases = (
				61FE5C7A27470A39009FA5B1 /* Sources */,
				61FE5C7B27470A39009FA5B1 /* Frameworks */,
				61FE5C7C27470A39009FA5B1 /* Resources */,
			);
			buildRules = (
			);
			dependencies = (
			);
			name = StoreSearch;
			productName = StoreSearch;
			productReference = 61FE5C7E27470A39009FA5B1 /* StoreSearch.app */;
			productType = "com.apple.product-type.application";
		};
/* End PBXNativeTarget section */

/* Begin PBXProject section */
		61FE5C7627470A39009FA5B1 /* Project object */ = {
			isa = PBXProject;
			attributes = {
				LastSwiftUpdateCheck = 1250;
				LastUpgradeCheck = 1250;
				TargetAttributes = {
					61FE5C7D27470A39009FA5B1 = {
						CreatedOnToolsVersion = 12.5.1;
					};
				};
			};
			buildConfigurationList = 61FE5C7927470A39009FA5B1 /* Build configuration list for PBXProject "StoreSearch" */;
			compatibilityVersion = "Xcode 9.3";
			developmentRegion = en;
			hasScannedForEncodings = 0;
			knownRegions = (
				en,
				Base,
			);
			mainGroup = 61FE5C7527470A39009FA5B1;
			productRefGroup = 61FE5C7F27470A39009FA5B1 /* Products */;
			projectDirPath = "";
			projectRoot = "";
			targets = (
				61FE5C7D27470A39009FA5B1 /* StoreSearch */,
			);
		};
/* End PBXProject section */

/* Begin PBXResourcesBuildPhase section */
		61FE5C7C27470A39009FA5B1 /* Resources */ = {
			isa = PBXResourcesBuildPhase;
			buildActionMask = 2147483647;
			files = (
				61FE5C8E27470A3B009FA5B1 /* LaunchScreen.storyboard in Resources */,
				61FE5C8B27470A3B009FA5B1 /* Assets.xcassets in Resources */,
				610FEBC7274C6F0000B5428B /* LoadingCell.xib in Resources */,
				61B3D4022749748A00E54FA6 /* SearchResultCell.xib in Resources */,
				61B3D4062749885200E54FA6 /* NothingFoundCell.xib in Resources */,
				61FE5C8927470A39009FA5B1 /* Main.storyboard in Resources */,
			);
			runOnlyForDeploymentPostprocessing = 0;
		};
/* End PBXResourcesBuildPhase section */

/* Begin PBXSourcesBuildPhase section */
		61FE5C7A27470A39009FA5B1 /* Sources */ = {
			isa = PBXSourcesBuildPhase;
			buildActionMask = 2147483647;
			files = (
				61FE5C8627470A39009FA5B1 /* SearchViewController.swift in Sources */,
				61FE5C8227470A39009FA5B1 /* AppDelegate.swift in Sources */,
				61B3D3FF2749691B00E54FA6 /* SearchResult.swift in Sources */,
				61FE5C8427470A39009FA5B1 /* SceneDelegate.swift in Sources */,
				61B3D40427497F3200E54FA6 /* SearchResultCell.swift in Sources */,
			);
			runOnlyForDeploymentPostprocessing = 0;
		};
/* End PBXSourcesBuildPhase section */

/* Begin PBXVariantGroup section */
		61FE5C8727470A39009FA5B1 /* Main.storyboard */ = {
			isa = PBXVariantGroup;
			children = (
				61FE5C8827470A39009FA5B1 /* Base */,
			);
			name = Main.storyboard;
			sourceTree = "<group>";
		};
		61FE5C8C27470A3B009FA5B1 /* LaunchScreen.storyboard */ = {
			isa = PBXVariantGroup;
			children = (
				61FE5C8D27470A3B009FA5B1 /* Base */,
			);
			name = LaunchScreen.storyboard;
			sourceTree = "<group>";
		};
/* End PBXVariantGroup section */

/* Begin XCBuildConfiguration section */
		61FE5C9027470A3B009FA5B1 /* Debug */ = {
			isa = XCBuildConfiguration;
			buildSettings = {
				ALWAYS_SEARCH_USER_PATHS = NO;
				CLANG_ANALYZER_NONNULL = YES;
				CLANG_ANALYZER_NUMBER_OBJECT_CONVERSION = YES_AGGRESSIVE;
				CLANG_CXX_LANGUAGE_STANDARD = "gnu++14";
				CLANG_CXX_LIBRARY = "libc++";
				CLANG_ENABLE_MODULES = YES;
				CLANG_ENABLE_OBJC_ARC = YES;
				CLANG_ENABLE_OBJC_WEAK = YES;
				CLANG_WARN_BLOCK_CAPTURE_AUTORELEASING = YES;
				CLANG_WARN_BOOL_CONVERSION = YES;
				CLANG_WARN_COMMA = YES;
				CLANG_WARN_CONSTANT_CONVERSION = YES;
				CLANG_WARN_DEPRECATED_OBJC_IMPLEMENTATIONS = YES;
				CLANG_WARN_DIRECT_OBJC_ISA_USAGE = YES_ERROR;
				CLANG_WARN_DOCUMENTATION_COMMENTS = YES;
				CLANG_WARN_EMPTY_BODY = YES;
				CLANG_WARN_ENUM_CONVERSION = YES;
				CLANG_WARN_INFINITE_RECURSION = YES;
				CLANG_WARN_INT_CONVERSION = YES;
				CLANG_WARN_NON_LITERAL_NULL_CONVERSION = YES;
				CLANG_WARN_OBJC_IMPLICIT_RETAIN_SELF = YES;
				CLANG_WARN_OBJC_LITERAL_CONVERSION = YES;
				CLANG_WARN_OBJC_ROOT_CLASS = YES_ERROR;
				CLANG_WARN_QUOTED_INCLUDE_IN_FRAMEWORK_HEADER = YES;
				CLANG_WARN_RANGE_LOOP_ANALYSIS = YES;
				CLANG_WARN_STRICT_PROTOTYPES = YES;
				CLANG_WARN_SUSPICIOUS_MOVE = YES;
				CLANG_WARN_UNGUARDED_AVAILABILITY = YES_AGGRESSIVE;
				CLANG_WARN_UNREACHABLE_CODE = YES;
				CLANG_WARN__DUPLICATE_METHOD_MATCH = YES;
				COPY_PHASE_STRIP = NO;
				DEBUG_INFORMATION_FORMAT = dwarf;
				ENABLE_STRICT_OBJC_MSGSEND = YES;
				ENABLE_TESTABILITY = YES;
				GCC_C_LANGUAGE_STANDARD = gnu11;
				GCC_DYNAMIC_NO_PIC = NO;
				GCC_NO_COMMON_BLOCKS = YES;
				GCC_OPTIMIZATION_LEVEL = 0;
				GCC_PREPROCESSOR_DEFINITIONS = (
					"DEBUG=1",
					"$(inherited)",
				);
				GCC_WARN_64_TO_32_BIT_CONVERSION = YES;
				GCC_WARN_ABOUT_RETURN_TYPE = YES_ERROR;
				GCC_WARN_UNDECLARED_SELECTOR = YES;
				GCC_WARN_UNINITIALIZED_AUTOS = YES_AGGRESSIVE;
				GCC_WARN_UNUSED_FUNCTION = YES;
				GCC_WARN_UNUSED_VARIABLE = YES;
				IPHONEOS_DEPLOYMENT_TARGET = 14.5;
				MTL_ENABLE_DEBUG_INFO = INCLUDE_SOURCE;
				MTL_FAST_MATH = YES;
				ONLY_ACTIVE_ARCH = YES;
				SDKROOT = iphoneos;
				SWIFT_ACTIVE_COMPILATION_CONDITIONS = DEBUG;
				SWIFT_OPTIMIZATION_LEVEL = "-Onone";
			};
			name = Debug;
		};
		61FE5C9127470A3B009FA5B1 /* Release */ = {
			isa = XCBuildConfiguration;
			buildSettings = {
				ALWAYS_SEARCH_USER_PATHS = NO;
				CLANG_ANALYZER_NONNULL = YES;
				CLANG_ANALYZER_NUMBER_OBJECT_CONVERSION = YES_AGGRESSIVE;
				CLANG_CXX_LANGUAGE_STANDARD = "gnu++14";
				CLANG_CXX_LIBRARY = "libc++";
				CLANG_ENABLE_MODULES = YES;
				CLANG_ENABLE_OBJC_ARC = YES;
				CLANG_ENABLE_OBJC_WEAK = YES;
				CLANG_WARN_BLOCK_CAPTURE_AUTORELEASING = YES;
				CLANG_WARN_BOOL_CONVERSION = YES;
				CLANG_WARN_COMMA = YES;
				CLANG_WARN_CONSTANT_CONVERSION = YES;
				CLANG_WARN_DEPRECATED_OBJC_IMPLEMENTATIONS = YES;
				CLANG_WARN_DIRECT_OBJC_ISA_USAGE = YES_ERROR;
				CLANG_WARN_DOCUMENTATION_COMMENTS = YES;
				CLANG_WARN_EMPTY_BODY = YES;
				CLANG_WARN_ENUM_CONVERSION = YES;
				CLANG_WARN_INFINITE_RECURSION = YES;
				CLANG_WARN_INT_CONVERSION = YES;
				CLANG_WARN_NON_LITERAL_NULL_CONVERSION = YES;
				CLANG_WARN_OBJC_IMPLICIT_RETAIN_SELF = YES;
				CLANG_WARN_OBJC_LITERAL_CONVERSION = YES;
				CLANG_WARN_OBJC_ROOT_CLASS = YES_ERROR;
				CLANG_WARN_QUOTED_INCLUDE_IN_FRAMEWORK_HEADER = YES;
				CLANG_WARN_RANGE_LOOP_ANALYSIS = YES;
				CLANG_WARN_STRICT_PROTOTYPES = YES;
				CLANG_WARN_SUSPICIOUS_MOVE = YES;
				CLANG_WARN_UNGUARDED_AVAILABILITY = YES_AGGRESSIVE;
				CLANG_WARN_UNREACHABLE_CODE = YES;
				CLANG_WARN__DUPLICATE_METHOD_MATCH = YES;
				COPY_PHASE_STRIP = NO;
				DEBUG_INFORMATION_FORMAT = "dwarf-with-dsym";
				ENABLE_NS_ASSERTIONS = NO;
				ENABLE_STRICT_OBJC_MSGSEND = YES;
				GCC_C_LANGUAGE_STANDARD = gnu11;
				GCC_NO_COMMON_BLOCKS = YES;
				GCC_WARN_64_TO_32_BIT_CONVERSION = YES;
				GCC_WARN_ABOUT_RETURN_TYPE = YES_ERROR;
				GCC_WARN_UNDECLARED_SELECTOR = YES;
				GCC_WARN_UNINITIALIZED_AUTOS = YES_AGGRESSIVE;
				GCC_WARN_UNUSED_FUNCTION = YES;
				GCC_WARN_UNUSED_VARIABLE = YES;
				IPHONEOS_DEPLOYMENT_TARGET = 14.5;
				MTL_ENABLE_DEBUG_INFO = NO;
				MTL_FAST_MATH = YES;
				SDKROOT = iphoneos;
				SWIFT_COMPILATION_MODE = wholemodule;
				SWIFT_OPTIMIZATION_LEVEL = "-O";
				VALIDATE_PRODUCT = YES;
			};
			name = Release;
		};
		61FE5C9327470A3B009FA5B1 /* Debug */ = {
			isa = XCBuildConfiguration;
			buildSettings = {
				ASSETCATALOG_COMPILER_APPICON_NAME = AppIcon;
				ASSETCATALOG_COMPILER_GLOBAL_ACCENT_COLOR_NAME = AccentColor;
				CODE_SIGN_STYLE = Automatic;
				DEVELOPMENT_TEAM = 74JCV65TJL;
				INFOPLIST_FILE = StoreSearch/Info.plist;
				LD_RUNPATH_SEARCH_PATHS = (
					"$(inherited)",
					"@executable_path/Frameworks",
				);
				PRODUCT_BUNDLE_IDENTIFIER = hayleyrobinson515.StoreSearch;
				PRODUCT_NAME = "$(TARGET_NAME)";
				SWIFT_VERSION = 5.0;
				TARGETED_DEVICE_FAMILY = "1,2";
			};
			name = Debug;
		};
		61FE5C9427470A3B009FA5B1 /* Release */ = {
			isa = XCBuildConfiguration;
			buildSettings = {
				ASSETCATALOG_COMPILER_APPICON_NAME = AppIcon;
				ASSETCATALOG_COMPILER_GLOBAL_ACCENT_COLOR_NAME = AccentColor;
				CODE_SIGN_STYLE = Automatic;
				DEVELOPMENT_TEAM = 74JCV65TJL;
				INFOPLIST_FILE = StoreSearch/Info.plist;
				LD_RUNPATH_SEARCH_PATHS = (
					"$(inherited)",
					"@executable_path/Frameworks",
				);
				PRODUCT_BUNDLE_IDENTIFIER = hayleyrobinson515.StoreSearch;
				PRODUCT_NAME = "$(TARGET_NAME)";
				SWIFT_VERSION = 5.0;
				TARGETED_DEVICE_FAMILY = "1,2";
			};
			name = Release;
		};
/* End XCBuildConfiguration section */

/* Begin XCConfigurationList section */
		61FE5C7927470A39009FA5B1 /* Build configuration list for PBXProject "StoreSearch" */ = {
			isa = XCConfigurationList;
			buildConfigurations = (
				61FE5C9027470A3B009FA5B1 /* Debug */,
				61FE5C9127470A3B009FA5B1 /* Release */,
			);
			defaultConfigurationIsVisible = 0;
			defaultConfigurationName = Release;
		};
		61FE5C9227470A3B009FA5B1 /* Build configuration list for PBXNativeTarget "StoreSearch" */ = {
			isa = XCConfigurationList;
			buildConfigurations = (
				61FE5C9327470A3B009FA5B1 /* Debug */,
				61FE5C9427470A3B009FA5B1 /* Release */,
			);
			defaultConfigurationIsVisible = 0;
			defaultConfigurationName = Release;
		};
/* End XCConfigurationList section */
	};
	rootObject = 61FE5C7627470A39009FA5B1 /* Project object */;
}
